# This file is autogenerated, do not edit; changes may be undone by the next 'dep ensure'.


[[projects]]
  branch = "master"
  digest = "1:9d5a004344a8193c2d6a5c07acd48ecd2533d72acd822a1f705fda740ef63ce1"
  name = "github.com/coreswitch/cmd"
  packages = ["."]
  pruneopts = ""
  revision = "39afb7adac20fdbec5bc09cbfe748b5f1f01baa2"

[[projects]]
  branch = "master"
  digest = "1:e4b782269832a6d889ddb79ac58557607fd2957e4530d211fbb52c036047fe24"
  name = "github.com/coreswitch/netutil"
  packages = ["."]
  pruneopts = ""
  revision = "505fe400e6fb19e50585deb5e58dab2225bb9a16"

[[projects]]
  digest = "1:86ad79b8deb597ae2b0acee81f00d8a5d280a8f2a912f5c2b94ae6399b9ce91d"
  name = "github.com/coreswitch/openconfigd"
  packages = ["proto"]
  pruneopts = ""
  revision = "bfc77fb4717eca472d05f3faf7d9a9363a42cff3"
  version = "v0.8.1"

[[projects]]
  branch = "master"
  digest = "1:3d1b2d741a050df360713a8260010356550986570e40a3930e9a1e263b6dd158"
  name = "github.com/golang/protobuf"
  packages = [
    "proto",
    "ptypes",
    "ptypes/any",
    "ptypes/duration",
    "ptypes/timestamp",
  ]
  pruneopts = ""
  revision = "70c277a8a150a8e069492e6600926300405c2884"

[[projects]]
  branch = "master"
  digest = "1:aebbf90777ce08fbe603e39241303619e78825b9ac23329f75447793ae6807e0"
  name = "golang.org/x/net"
  packages = [
    "context",
    "http/httpguts",
    "http2",
    "http2/hpack",
    "idna",
    "internal/timeseries",
    "trace",
  ]
  pruneopts = ""
  revision = "57065200b4b034a1c8ad54ff77069408c2218ae6"

[[projects]]
  digest = "1:5acd3512b047305d49e8763eef7ba423901e85d5dd2fd1e71778a0ea8de10bd4"
  name = "golang.org/x/text"
  packages = [
    "collate",
    "collate/build",
    "internal/colltab",
    "internal/gen",
    "internal/tag",
    "internal/triegen",
    "internal/ucd",
    "language",
    "secure/bidirule",
    "transform",
    "unicode/bidi",
    "unicode/cldr",
    "unicode/norm",
    "unicode/rangetable",
  ]
  pruneopts = ""
  revision = "f21a4dfb5e38f5895301dc265a8def02365cc3d0"
  version = "v0.3.0"

[[projects]]
  branch = "master"
  digest = "1:eccdfd750f21fb2f1a147d7863df2163fe43040839c81353d28ce78876de34c7"
  name = "google.golang.org/genproto"
  packages = ["googleapis/rpc/status"]
  pruneopts = ""
  revision = "11a468237815f3a3ddf9f7c6e8b6b3b382a24d15"

[[projects]]
  digest = "1:a01d2598b9771f4832b480b8bf5983b41c0e58d9fdde4063f92f10033bfe44db"
  name = "google.golang.org/grpc"
  packages = [
    ".",
    "balancer",
    "codes",
    "connectivity",
    "credentials",
    "grpclb/grpc_lb_v1/messages",
    "grpclog",
    "internal",
    "keepalive",
    "metadata",
    "naming",
    "peer",
    "resolver",
    "stats",
    "status",
    "tap",
    "transport",
  ]
  pruneopts = ""
  revision = "5b3c4e850e90a4cf6a20ebd46c8b32a0a3afcb9e"
  version = "v1.7.5"

[solve-meta]
  analyzer-name = "dep"
  analyzer-version = 1
  input-imports = [
    "github.com/coreswitch/cmd",
    "github.com/coreswitch/openconfigd/proto",
    "golang.org/x/net/context",
    "google.golang.org/grpc",
    "google.golang.org/grpc/grpclog",
  ]
  solver-name = "gps-cdcl"
  solver-version = 1
